
Microsoft Visual Studio Solution File, Format Version 12.00
# Visual Studio Version 16
VisualStudioVersion = 16.0.29009.5
MinimumVisualStudioVersion = 10.0.40219.1
Project("{2150E333-8FDC-42A3-9474-1A3956D46DE8}") = "src", "src", "{01C4EA5D-6D3E-4A3A-9F9C-7D7D8B7AF2FC}"
EndProject
Project("{2150E333-8FDC-42A3-9474-1A3956D46DE8}") = "ServiceFinder.Module", "ServiceFinder.Module", "{E30B7E72-2FA0-4168-A1FB-C816517BFFF0}"
EndProject
Project("{2150E333-8FDC-42A3-9474-1A3956D46DE8}") = "tests", "tests", "{F4F4E8CF-AC5E-40AF-A5DA-0C7724842438}"
EndProject
Project("{2150E333-8FDC-42A3-9474-1A3956D46DE8}") = "database", "database", "{C44C321B-76A8-4C2B-9724-DA07B507E8EB}"
EndProject
Project("{00D1A9C2-B5F0-4AF3-8072-F6C62B433612}") = "ServiceFinder.SSDT", "database\ServiceFinder.SSDT\ServiceFinder.SSDT.sqlproj", "{B57F85E4-2782-438C-A3F1-9EFB6420AD2A}"
EndProject
Project("{9A19103F-16F7-4668-BE54-9A1E7A4F7556}") = "ServiceFinder", "src\ServiceFinder\ServiceFinder.csproj", "{3677CE45-D023-43AC-8BCE-4BFB0D762209}"
EndProject
Project("{9A19103F-16F7-4668-BE54-9A1E7A4F7556}") = "ServiceFinder.Users", "src\ServiceFinder.Module\ServiceFinder.Users\ServiceFinder.Users.csproj", "{D561F67D-E439-48D3-B570-347FB7CFFEFD}"
EndProject
Project("{9A19103F-16F7-4668-BE54-9A1E7A4F7556}") = "Servicefinder.Core", "src\Servicefinder.Core\Servicefinder.Core.csproj", "{70C35483-F3A0-4800-9D52-8DD00021638E}"
EndProject
Project("{9A19103F-16F7-4668-BE54-9A1E7A4F7556}") = "ServiceFinder.DI", "src\ServiceFinder.DI\ServiceFinder.DI.csproj", "{D3B7DC6C-39D2-43A5-934B-705275072F98}"
EndProject
Project("{9A19103F-16F7-4668-BE54-9A1E7A4F7556}") = "ServiceFinder.App", "src\ServiceFinder.Module\ServiceFinder.App\ServiceFinder.App.csproj", "{28341BB4-8F78-4C0A-B5AA-5F3BAA01D64C}"
EndProject
Project("{2150E333-8FDC-42A3-9474-1A3956D46DE8}") = "UnitTests", "UnitTests", "{0FD3C5BA-3C18-4467-8BCF-677A447ACE19}"
EndProject
Project("{9A19103F-16F7-4668-BE54-9A1E7A4F7556}") = "ServiceFinder.Users.UnitTests", "tests\ServiceFinder.Users.UnitTests\ServiceFinder.Users.UnitTests.csproj", "{C23ED7E4-6482-4D8B-9F7A-125E882C8E60}"
EndProject
Project("{FAE04EC0-301F-11D3-BF4B-00C04F79EFBC}") = "ServiceFinder.App.UnitTests", "tests\ServiceFinder.App.UnitTests\ServiceFinder.App.UnitTests.csproj", "{0176B1B3-6327-48F2-B625-D0520F6477CC}"
EndProject
Global
	GlobalSection(SolutionConfigurationPlatforms) = preSolution
		Debug|Any CPU = Debug|Any CPU
		Release|Any CPU = Release|Any CPU
	EndGlobalSection
	GlobalSection(ProjectConfigurationPlatforms) = postSolution
		{B57F85E4-2782-438C-A3F1-9EFB6420AD2A}.Debug|Any CPU.ActiveCfg = Debug|Any CPU
		{B57F85E4-2782-438C-A3F1-9EFB6420AD2A}.Debug|Any CPU.Build.0 = Debug|Any CPU
		{B57F85E4-2782-438C-A3F1-9EFB6420AD2A}.Debug|Any CPU.Deploy.0 = Debug|Any CPU
		{B57F85E4-2782-438C-A3F1-9EFB6420AD2A}.Release|Any CPU.ActiveCfg = Release|Any CPU
		{B57F85E4-2782-438C-A3F1-9EFB6420AD2A}.Release|Any CPU.Build.0 = Release|Any CPU
		{B57F85E4-2782-438C-A3F1-9EFB6420AD2A}.Release|Any CPU.Deploy.0 = Release|Any CPU
		{3677CE45-D023-43AC-8BCE-4BFB0D762209}.Debug|Any CPU.ActiveCfg = Debug|Any CPU
		{3677CE45-D023-43AC-8BCE-4BFB0D762209}.Debug|Any CPU.Build.0 = Debug|Any CPU
		{3677CE45-D023-43AC-8BCE-4BFB0D762209}.Release|Any CPU.ActiveCfg = Release|Any CPU
		{3677CE45-D023-43AC-8BCE-4BFB0D762209}.Release|Any CPU.Build.0 = Release|Any CPU
		{D561F67D-E439-48D3-B570-347FB7CFFEFD}.Debug|Any CPU.ActiveCfg = Debug|Any CPU
		{D561F67D-E439-48D3-B570-347FB7CFFEFD}.Debug|Any CPU.Build.0 = Debug|Any CPU
		{D561F67D-E439-48D3-B570-347FB7CFFEFD}.Release|Any CPU.ActiveCfg = Release|Any CPU
		{D561F67D-E439-48D3-B570-347FB7CFFEFD}.Release|Any CPU.Build.0 = Release|Any CPU
		{70C35483-F3A0-4800-9D52-8DD00021638E}.Debug|Any CPU.ActiveCfg = Debug|Any CPU
		{70C35483-F3A0-4800-9D52-8DD00021638E}.Debug|Any CPU.Build.0 = Debug|Any CPU
		{70C35483-F3A0-4800-9D52-8DD00021638E}.Release|Any CPU.ActiveCfg = Release|Any CPU
		{70C35483-F3A0-4800-9D52-8DD00021638E}.Release|Any CPU.Build.0 = Release|Any CPU
		{D3B7DC6C-39D2-43A5-934B-705275072F98}.Debug|Any CPU.ActiveCfg = Debug|Any CPU
		{D3B7DC6C-39D2-43A5-934B-705275072F98}.Debug|Any CPU.Build.0 = Debug|Any CPU
		{D3B7DC6C-39D2-43A5-934B-705275072F98}.Release|Any CPU.ActiveCfg = Release|Any CPU
		{D3B7DC6C-39D2-43A5-934B-705275072F98}.Release|Any CPU.Build.0 = Release|Any CPU
		{28341BB4-8F78-4C0A-B5AA-5F3BAA01D64C}.Debug|Any CPU.ActiveCfg = Debug|Any CPU
		{28341BB4-8F78-4C0A-B5AA-5F3BAA01D64C}.Debug|Any CPU.Build.0 = Debug|Any CPU
		{28341BB4-8F78-4C0A-B5AA-5F3BAA01D64C}.Release|Any CPU.ActiveCfg = Release|Any CPU
		{28341BB4-8F78-4C0A-B5AA-5F3BAA01D64C}.Release|Any CPU.Build.0 = Release|Any CPU
		{C23ED7E4-6482-4D8B-9F7A-125E882C8E60}.Debug|Any CPU.ActiveCfg = Debug|Any CPU
		{C23ED7E4-6482-4D8B-9F7A-125E882C8E60}.Debug|Any CPU.Build.0 = Debug|Any CPU
		{C23ED7E4-6482-4D8B-9F7A-125E882C8E60}.Release|Any CPU.ActiveCfg = Release|Any CPU
		{C23ED7E4-6482-4D8B-9F7A-125E882C8E60}.Release|Any CPU.Build.0 = Release|Any CPU
		{0176B1B3-6327-48F2-B625-D0520F6477CC}.Debug|Any CPU.ActiveCfg = Debug|Any CPU
		{0176B1B3-6327-48F2-B625-D0520F6477CC}.Debug|Any CPU.Build.0 = Debug|Any CPU
		{0176B1B3-6327-48F2-B625-D0520F6477CC}.Release|Any CPU.ActiveCfg = Release|Any CPU
		{0176B1B3-6327-48F2-B625-D0520F6477CC}.Release|Any CPU.Build.0 = Release|Any CPU
	EndGlobalSection
	GlobalSection(SolutionProperties) = preSolution
		HideSolutionNode = FALSE
	EndGlobalSection
	GlobalSection(NestedProjects) = preSolution
		{E30B7E72-2FA0-4168-A1FB-C816517BFFF0} = {01C4EA5D-6D3E-4A3A-9F9C-7D7D8B7AF2FC}
		{B57F85E4-2782-438C-A3F1-9EFB6420AD2A} = {C44C321B-76A8-4C2B-9724-DA07B507E8EB}
		{3677CE45-D023-43AC-8BCE-4BFB0D762209} = {01C4EA5D-6D3E-4A3A-9F9C-7D7D8B7AF2FC}
		{D561F67D-E439-48D3-B570-347FB7CFFEFD} = {E30B7E72-2FA0-4168-A1FB-C816517BFFF0}
		{70C35483-F3A0-4800-9D52-8DD00021638E} = {01C4EA5D-6D3E-4A3A-9F9C-7D7D8B7AF2FC}
		{D3B7DC6C-39D2-43A5-934B-705275072F98} = {01C4EA5D-6D3E-4A3A-9F9C-7D7D8B7AF2FC}
		{28341BB4-8F78-4C0A-B5AA-5F3BAA01D64C} = {E30B7E72-2FA0-4168-A1FB-C816517BFFF0}
		{0FD3C5BA-3C18-4467-8BCF-677A447ACE19} = {F4F4E8CF-AC5E-40AF-A5DA-0C7724842438}
		{C23ED7E4-6482-4D8B-9F7A-125E882C8E60} = {0FD3C5BA-3C18-4467-8BCF-677A447ACE19}
		{0176B1B3-6327-48F2-B625-D0520F6477CC} = {0FD3C5BA-3C18-4467-8BCF-677A447ACE19}
	EndGlobalSection
	GlobalSection(ExtensibilityGlobals) = postSolution
		SolutionGuid = {4020F15F-8CE2-4A73-9555-E7E0E3C225E1}
	EndGlobalSection
EndGlobal
